
Microsoft Visual Studio Solution File, Format Version 12.00
# Visual Studio Version 16
VisualStudioVersion = 16.0.31515.178
MinimumVisualStudioVersion = 10.0.40219.1
Project("{FAE04EC0-301F-11D3-BF4B-00C04F79EFBC}") = "VirtualDesktop", "VirtualDesktop.csproj", "{CF89F954-0826-4955-830F-4D1D10DAD7A4}"
EndProject
Global
	GlobalSection(SolutionConfigurationPlatforms) = preSolution
		Debug|Any CPU = Debug|Any CPU
		Release|Any CPU = Release|Any CPU
	EndGlobalSection
	GlobalSection(ProjectConfigurationPlatforms) = postSolution
		{CF89F954-0826-4955-830F-4D1D10DAD7A4}.Debug|Any CPU.ActiveCfg = Debug|Any CPU
		{CF89F954-0826-4955-830F-4D1D10DAD7A4}.Debug|Any CPU.Build.0 = Debug|Any CPU
		{CF89F954-0826-4955-830F-4D1D10DAD7A4}.Release|Any CPU.ActiveCfg = Release|Any CPU
		{CF89F954-0826-4955-830F-4D1D10DAD7A4}.Release|Any CPU.Build.0 = Release|Any CPU
	EndGlobalSection
	GlobalSection(SolutionProperties) = preSolution
		HideSolutionNode = FALSE
	EndGlobalSection
	GlobalSection(ExtensibilityGlobals) = postSolution
		SolutionGuid = {9B05744B-39CE-44C4-963D-0690C7BC3402}
	EndGlobalSection
EndGlobal
